
Microsoft Visual Studio Solution File, Format Version 12.00
Project("{FAE04EC0-301F-11D3-BF4B-00C04F79EFBC}") = "EngineGL.Editor", "EngineGL.Editor\EngineGL.Editor.csproj", "{FFA2C2E7-E8AD-47ED-A09E-E77DF4289AB2}"
EndProject
Project("{FAE04EC0-301F-11D3-BF4B-00C04F79EFBC}") = "EngineGL.Tests", "EngineGL.Tests\EngineGL.Tests.csproj", "{8C1A5DE6-D897-4D49-A07C-E8CDA2DE6A7B}"
EndProject
Project("{FAE04EC0-301F-11D3-BF4B-00C04F79EFBC}") = "EngineGL", "EngineGL\EngineGL.csproj", "{4B2BF078-3045-4320-B397-E950CAADC083}"
EndProject
Global
	GlobalSection(SolutionConfigurationPlatforms) = preSolution
		Debug|Any CPU = Debug|Any CPU
		Release|Any CPU = Release|Any CPU
	EndGlobalSection
	GlobalSection(ProjectConfigurationPlatforms) = postSolution
		{FFA2C2E7-E8AD-47ED-A09E-E77DF4289AB2}.Debug|Any CPU.ActiveCfg = Debug|Any CPU
		{FFA2C2E7-E8AD-47ED-A09E-E77DF4289AB2}.Debug|Any CPU.Build.0 = Debug|Any CPU
		{FFA2C2E7-E8AD-47ED-A09E-E77DF4289AB2}.Release|Any CPU.ActiveCfg = Release|Any CPU
		{FFA2C2E7-E8AD-47ED-A09E-E77DF4289AB2}.Release|Any CPU.Build.0 = Release|Any CPU
		{8C1A5DE6-D897-4D49-A07C-E8CDA2DE6A7B}.Debug|Any CPU.ActiveCfg = Debug|Any CPU
		{8C1A5DE6-D897-4D49-A07C-E8CDA2DE6A7B}.Debug|Any CPU.Build.0 = Debug|Any CPU
		{8C1A5DE6-D897-4D49-A07C-E8CDA2DE6A7B}.Release|Any CPU.ActiveCfg = Release|Any CPU
		{8C1A5DE6-D897-4D49-A07C-E8CDA2DE6A7B}.Release|Any CPU.Build.0 = Release|Any CPU
		{4B2BF078-3045-4320-B397-E950CAADC083}.Debug|Any CPU.ActiveCfg = Debug|Any CPU
		{4B2BF078-3045-4320-B397-E950CAADC083}.Debug|Any CPU.Build.0 = Debug|Any CPU
		{4B2BF078-3045-4320-B397-E950CAADC083}.Release|Any CPU.ActiveCfg = Release|Any CPU
		{4B2BF078-3045-4320-B397-E950CAADC083}.Release|Any CPU.Build.0 = Release|Any CPU
	EndGlobalSection
EndGlobal
