
Microsoft Visual Studio Solution File, Format Version 12.00
# Visual Studio Version 16
VisualStudioVersion = 16.0.28803.202
MinimumVisualStudioVersion = 10.0.40219.1
Project("{FAE04EC0-301F-11D3-BF4B-00C04F79EFBC}") = "EngineGL.Editor", "EngineGL.Editor\EngineGL.Editor.csproj", "{FFA2C2E7-E8AD-47ED-A09E-E77DF4289AB2}"
EndProject
Project("{FAE04EC0-301F-11D3-BF4B-00C04F79EFBC}") = "EngineGL", "EngineGL\EngineGL.csproj", "{B40DC809-5EBF-49DD-848B-7C413D0E51DB}"
EndProject
Project("{FAE04EC0-301F-11D3-BF4B-00C04F79EFBC}") = "EngineGL.Tests", "EngineGL.Tests\EngineGL.Tests.csproj", "{A890BDE0-2D87-4C83-BC14-5783345FEAE6}"
EndProject
Project("{FAE04EC0-301F-11D3-BF4B-00C04F79EFBC}") = "EngineGL.CITests", "EngineGL.CITests\EngineGL.CITests.csproj", "{EB266B38-FFC7-416C-BEBC-574396CBBBA1}"
EndProject
Global
	GlobalSection(SolutionConfigurationPlatforms) = preSolution
		Debug|Any CPU = Debug|Any CPU
		Release|Any CPU = Release|Any CPU
	EndGlobalSection
	GlobalSection(ProjectConfigurationPlatforms) = postSolution
		{FFA2C2E7-E8AD-47ED-A09E-E77DF4289AB2}.Debug|Any CPU.ActiveCfg = Debug|Any CPU
		{FFA2C2E7-E8AD-47ED-A09E-E77DF4289AB2}.Debug|Any CPU.Build.0 = Debug|Any CPU
		{FFA2C2E7-E8AD-47ED-A09E-E77DF4289AB2}.Release|Any CPU.ActiveCfg = Release|Any CPU
		{FFA2C2E7-E8AD-47ED-A09E-E77DF4289AB2}.Release|Any CPU.Build.0 = Release|Any CPU
		{B40DC809-5EBF-49DD-848B-7C413D0E51DB}.Debug|Any CPU.ActiveCfg = Debug|Any CPU
		{B40DC809-5EBF-49DD-848B-7C413D0E51DB}.Debug|Any CPU.Build.0 = Debug|Any CPU
		{B40DC809-5EBF-49DD-848B-7C413D0E51DB}.Release|Any CPU.ActiveCfg = Release|Any CPU
		{B40DC809-5EBF-49DD-848B-7C413D0E51DB}.Release|Any CPU.Build.0 = Release|Any CPU
		{A890BDE0-2D87-4C83-BC14-5783345FEAE6}.Debug|Any CPU.ActiveCfg = Debug|Any CPU
		{A890BDE0-2D87-4C83-BC14-5783345FEAE6}.Debug|Any CPU.Build.0 = Debug|Any CPU
		{A890BDE0-2D87-4C83-BC14-5783345FEAE6}.Release|Any CPU.ActiveCfg = Release|Any CPU
		{A890BDE0-2D87-4C83-BC14-5783345FEAE6}.Release|Any CPU.Build.0 = Release|Any CPU
		{EB266B38-FFC7-416C-BEBC-574396CBBBA1}.Debug|Any CPU.ActiveCfg = Debug|Any CPU
		{EB266B38-FFC7-416C-BEBC-574396CBBBA1}.Debug|Any CPU.Build.0 = Debug|Any CPU
		{EB266B38-FFC7-416C-BEBC-574396CBBBA1}.Release|Any CPU.ActiveCfg = Release|Any CPU
		{EB266B38-FFC7-416C-BEBC-574396CBBBA1}.Release|Any CPU.Build.0 = Release|Any CPU
	EndGlobalSection
	GlobalSection(SolutionProperties) = preSolution
		HideSolutionNode = FALSE
	EndGlobalSection
	GlobalSection(ExtensibilityGlobals) = postSolution
		SolutionGuid = {2567EF69-DCEA-4B6F-A808-DCB74AC84F77}
	EndGlobalSection
EndGlobal
